Microsoft Visual Studio Solution File, Format Version 12.00
# Visual Studio Version 17
VisualStudioVersion = 17.5.2.0
MinimumVisualStudioVersion = 10.0.40219.1
Project("{FAE04EC0-301F-11D3-BF4B-00C04F79EFBC}") = "Roguely", "Roguely\Roguely.csproj", "{8382F06D-1CD1-4EF6-DA40-9AC306ED74B9}"
EndProject
Global
	GlobalSection(SolutionConfigurationPlatforms) = preSolution
		Debug|Any CPU = Debug|Any CPU
		Release|Any CPU = Release|Any CPU
	EndGlobalSection
	GlobalSection(ProjectConfigurationPlatforms) = postSolution
		{8382F06D-1CD1-4EF6-DA40-9AC306ED74B9}.Debug|Any CPU.ActiveCfg = Debug|Any CPU
		{8382F06D-1CD1-4EF6-DA40-9AC306ED74B9}.Debug|Any CPU.Build.0 = Debug|Any CPU
		{8382F06D-1CD1-4EF6-DA40-9AC306ED74B9}.Release|Any CPU.ActiveCfg = Release|Any CPU
		{8382F06D-1CD1-4EF6-DA40-9AC306ED74B9}.Release|Any CPU.Build.0 = Release|Any CPU
	EndGlobalSection
	GlobalSection(SolutionProperties) = preSolution
		HideSolutionNode = FALSE
	EndGlobalSection
	GlobalSection(ExtensibilityGlobals) = postSolution
		SolutionGuid = {A6232732-9DBD-4EF3-9E3A-5A9E73AB8FE4}
	EndGlobalSection
EndGlobal
